{
    "name": "Nikola",
    "version": "0.1.0",
    "lockfileVersion": 1,
    "requires": true,
    "dependencies": {
        "baguettebox.js": {
            "version": "1.10.0",
            "resolved": "https://registry.npmjs.org/baguettebox.js/-/baguettebox.js-1.10.0.tgz",
            "integrity": "sha512-kyU6DVJSEYe/BKGiJX462WO9BCxELv177XBf7ANgltPLpzjMm1D36kV1vrIylX7tmdibOCpgOStDUQK+0XP2vw=="
        },
        "bootstrap": {
            "version": "4.0.0",
            "resolved": "https://registry.npmjs.org/bootstrap/-/bootstrap-4.0.0.tgz",
            "integrity": "sha512-gulJE5dGFo6Q61V/whS6VM4WIyrlydXfCgkE+Gxe5hjrJ8rXLLZlALq7zq2RPhOc45PSwQpJkrTnc2KgD6cvmA=="
        },
        "html5shiv": {
            "version": "3.7.3",
            "resolved": "https://registry.npmjs.org/html5shiv/-/html5shiv-3.7.3.tgz",
            "integrity": "sha1-14qEo2e8uacQEA1XgCw4ewhGMdI="
        },
        "jquery": {
            "version": "3.3.1",
            "resolved": "https://registry.npmjs.org/jquery/-/jquery-3.3.1.tgz",
            "integrity": "sha512-Ubldcmxp5np52/ENotGxlLe6aGMvmF4R8S6tZjsP6Knsaxd/xp3Zrh50cG93lR6nPXyUFwzN3ZSOQI0wRJNdGg=="
        },
        "livereload-js": {
            "version": "2.3.0",
            "resolved": "https://registry.npmjs.org/livereload-js/-/livereload-js-2.3.0.tgz",
            "integrity": "sha512-j1R0/FeGa64Y+NmqfZhyoVRzcFlOZ8sNlKzHjh4VvLULFACZhn68XrX5DFg2FhMvSMJmROuFxRSa560ECWKBMg=="
        },
        "moment": {
            "version": "2.20.1",
            "resolved": "https://registry.npmjs.org/moment/-/moment-2.20.1.tgz",
            "integrity": "sha512-Yh9y73JRljxW5QxN08Fner68eFLxM5ynNOAw2LbIB1YAGeQzZT8QFSUvkAz609Zf+IHhhaUxqZK8dG3W/+HEvg=="
        },
        "popper.js": {
            "version": "1.13.0",
            "resolved": "https://registry.npmjs.org/popper.js/-/popper.js-1.13.0.tgz",
            "integrity": "sha1-4ef/ZcxD98+c8W8VEKdegfhPRWU="
        }
    }
}
